{
  "nodes": {
    "aquamarine": {
      "inputs": {
        "hyprutils": [
          "hyprland",
          "hyprutils"
        ],
        "hyprwayland-scanner": [
          "hyprland",
          "hyprwayland-scanner"
        ],
        "nixpkgs": [
          "hyprland",
          "nixpkgs"
        ],
        "systems": [
          "hyprland",
          "systems"
        ]
      },
      "locked": {
        "lastModified": 1729527199,
        "narHash": "sha256-D5/YksfRga8Akd04ZtIkuYSIOjXVrAzQIQBSeplokzU=",
        "owner": "hyprwm",
        "repo": "aquamarine",
        "rev": "8d732fa8aff8b12ef2b1e2f00fc8153e41312b72",
        "type": "github"
      },
      "original": {
        "owner": "hyprwm",
        "repo": "aquamarine",
        "type": "github"
      }
    },
    "auto-cpufreq": {
      "inputs": {
        "nixpkgs": [
          "nixpkgs"
        ]
      },
      "locked": {
        "lastModified": 1726162350,
        "narHash": "sha256-SI2pDWGKqRJh48wGLovsVT4xPXTZZjM2zaOP3HpUPTE=",
        "owner": "AdnanHodzic",
        "repo": "auto-cpufreq",
        "rev": "7b03630a5e094fc2ef58492d6be35bf64c387815",
        "type": "github"
      },
      "original": {
        "owner": "AdnanHodzic",
        "repo": "auto-cpufreq",
        "type": "github"
      }
    },
    "catppuccin-bat": {
      "flake": false,
      "locked": {
        "lastModified": 1729267055,
        "narHash": "sha256-x1yqPCWuoBSx/cI94eA+AWwhiSA42cLNUOFJl7qjhmw=",
        "owner": "catppuccin",
        "repo": "bat",
        "rev": "d2bbee4f7e7d5bac63c054e4d8eca57954b31471",
        "type": "github"
      },
      "original": {
        "owner": "catppuccin",
        "repo": "bat",
        "type": "github"
      }
    },
    "catppuccin-yazi": {
      "flake": false,
      "locked": {
        "lastModified": 1729983863,
        "narHash": "sha256-dMXSXS3Scj1LZZqqnvvC37VWSyjSQZg9thvjcm2iNSM=",
        "owner": "catppuccin",
        "repo": "yazi",
        "rev": "54d868433a0c2f3e1651114136ea088eef72a4a7",
        "type": "github"
      },
      "original": {
        "owner": "catppuccin",
        "repo": "yazi",
        "type": "github"
      }
    },
    "catppuccin-zathura": {
      "flake": false,
      "locked": {
        "lastModified": 1712249512,
        "narHash": "sha256-/vD/hOi6KcaGyAp6Az7jL5/tQSGRzIrf0oHjAJf4QbI=",
        "owner": "catppuccin",
        "repo": "zathura",
        "rev": "0adc53028d81bf047461bc61c43a484d11b15220",
        "type": "github"
      },
      "original": {
        "owner": "catppuccin",
        "repo": "zathura",
        "type": "github"
      }
    },
    "crt": {
      "inputs": {
        "nixpkgs": [
          "mypkgs",
          "nixpkgs"
        ]
      },
      "locked": {
        "lastModified": 1718816551,
        "narHash": "sha256-yH3yL8oF67j33/zJKT8BXCjz3FjhzzmKobBw3l/Jd+Y=",
        "owner": "spitulax",
        "repo": "crt",
        "rev": "cc1e8778ab23454561569c736f6114954a3d4ef9",
        "type": "github"
      },
      "original": {
        "owner": "spitulax",
        "repo": "crt",
        "type": "github"
      }
    },
    "crt_2": {
      "inputs": {
        "nixpkgs": [
          "mypkgs",
          "pasteme",
          "mypkgs",
          "nixpkgs"
        ]
      },
      "locked": {
        "lastModified": 1718816551,
        "narHash": "sha256-yH3yL8oF67j33/zJKT8BXCjz3FjhzzmKobBw3l/Jd+Y=",
        "owner": "spitulax",
        "repo": "crt",
        "rev": "cc1e8778ab23454561569c736f6114954a3d4ef9",
        "type": "github"
      },
      "original": {
        "owner": "spitulax",
        "repo": "crt",
        "type": "github"
      }
    },
    "flake-compat": {
      "flake": false,
      "locked": {
        "lastModified": 1696426674,
        "narHash": "sha256-kvjfFW7WAETZlt09AgDn1MrtKzP7t90Vf7vypd3OL1U=",
        "owner": "edolstra",
        "repo": "flake-compat",
        "rev": "0f9255e01c2351cc7d116c072cb317785dd33b33",
        "type": "github"
      },
      "original": {
        "owner": "edolstra",
        "repo": "flake-compat",
        "type": "github"
      }
    },
    "flake-compat_2": {
      "flake": false,
      "locked": {
        "lastModified": 1696426674,
        "narHash": "sha256-kvjfFW7WAETZlt09AgDn1MrtKzP7t90Vf7vypd3OL1U=",
        "owner": "edolstra",
        "repo": "flake-compat",
        "rev": "0f9255e01c2351cc7d116c072cb317785dd33b33",
        "type": "github"
      },
      "original": {
        "owner": "edolstra",
        "repo": "flake-compat",
        "type": "github"
      }
    },
    "flake-compat_3": {
      "flake": false,
      "locked": {
        "lastModified": 1696426674,
        "narHash": "sha256-kvjfFW7WAETZlt09AgDn1MrtKzP7t90Vf7vypd3OL1U=",
        "owner": "edolstra",
        "repo": "flake-compat",
        "rev": "0f9255e01c2351cc7d116c072cb317785dd33b33",
        "type": "github"
      },
      "original": {
        "owner": "edolstra",
        "repo": "flake-compat",
        "type": "github"
      }
    },
    "flake-parts": {
      "inputs": {
        "nixpkgs-lib": "nixpkgs-lib"
      },
      "locked": {
        "lastModified": 1727826117,
        "narHash": "sha256-K5ZLCyfO/Zj9mPFldf3iwS6oZStJcU4tSpiXTMYaaL0=",
        "owner": "hercules-ci",
        "repo": "flake-parts",
        "rev": "3d04084d54bedc3d6b8b736c70ef449225c361b1",
        "type": "github"
      },
      "original": {
        "owner": "hercules-ci",
        "repo": "flake-parts",
        "type": "github"
      }
    },
    "flake-utils": {
      "inputs": {
        "systems": "systems_5"
      },
      "locked": {
        "lastModified": 1726560853,
        "narHash": "sha256-X6rJYSESBVr3hBoH0WbKE5KvhPU5bloyZ2L4K60/fPQ=",
        "owner": "numtide",
        "repo": "flake-utils",
        "rev": "c1dfcf08411b08f6b8615f7d8971a2bfa81d5e8a",
        "type": "github"
      },
      "original": {
        "owner": "numtide",
        "repo": "flake-utils",
        "type": "github"
      }
    },
    "gitignore": {
      "inputs": {
        "nixpkgs": [
          "hyprland",
          "pre-commit-hooks",
          "nixpkgs"
        ]
      },
      "locked": {
        "lastModified": 1709087332,
        "narHash": "sha256-HG2cCnktfHsKV0s4XW83gU3F57gaTljL9KNSuG6bnQs=",
        "owner": "hercules-ci",
        "repo": "gitignore.nix",
        "rev": "637db329424fd7e46cf4185293b9cc8c88c95394",
        "type": "github"
      },
      "original": {
        "owner": "hercules-ci",
        "repo": "gitignore.nix",
        "type": "github"
      }
    },
    "gripper": {
      "inputs": {
        "nixpkgs": [
          "mypkgs",
          "nixpkgs"
        ]
      },
      "locked": {
        "lastModified": 1720026102,
        "narHash": "sha256-oZA0CsVUpCDBqUvXTA7XVy5BoaPenmMObQjIMN79MPo=",
        "owner": "spitulax",
        "repo": "gripper",
        "rev": "98e3116473045e1d7a7909c3224f6ff61f639a6f",
        "type": "github"
      },
      "original": {
        "owner": "spitulax",
        "repo": "gripper",
        "type": "github"
      }
    },
    "gripper_2": {
      "inputs": {
        "nixpkgs": [
          "mypkgs",
          "pasteme",
          "mypkgs",
          "nixpkgs"
        ]
      },
      "locked": {
        "lastModified": 1720026102,
        "narHash": "sha256-oZA0CsVUpCDBqUvXTA7XVy5BoaPenmMObQjIMN79MPo=",
        "owner": "spitulax",
        "repo": "gripper",
        "rev": "98e3116473045e1d7a7909c3224f6ff61f639a6f",
        "type": "github"
      },
      "original": {
        "owner": "spitulax",
        "repo": "gripper",
        "type": "github"
      }
    },
    "home-manager": {
      "inputs": {
        "nixpkgs": [
          "nixpkgs"
        ]
      },
      "locked": {
        "lastModified": 1730490306,
        "narHash": "sha256-AvCVDswOUM9D368HxYD25RsSKp+5o0L0/JHADjLoD38=",
        "owner": "nix-community",
        "repo": "home-manager",
        "rev": "1743615b61c7285976f85b303a36cdf88a556503",
        "type": "github"
      },
      "original": {
        "owner": "nix-community",
        "repo": "home-manager",
        "type": "github"
      }
    },
    "home-manager_2": {
      "inputs": {
        "nixpkgs": [
          "nix-on-droid",
          "nixpkgs"
        ]
      },
      "locked": {
        "lastModified": 1709445365,
        "narHash": "sha256-DVv6nd9FQBbMWbOmhq0KVqmlc3y3FMSYl49UXmMcO+0=",
        "owner": "nix-community",
        "repo": "home-manager",
        "rev": "4de84265d7ec7634a69ba75028696d74de9a44a7",
        "type": "github"
      },
      "original": {
        "owner": "nix-community",
        "repo": "home-manager",
        "type": "github"
      }
    },
    "hyprcursor": {
      "inputs": {
        "hyprlang": [
          "hyprland",
          "hyprlang"
        ],
        "nixpkgs": [
          "hyprland",
          "nixpkgs"
        ],
        "systems": [
          "hyprland",
          "systems"
        ]
      },
      "locked": {
        "lastModified": 1728669738,
        "narHash": "sha256-EDNAU9AYcx8OupUzbTbWE1d3HYdeG0wO6Msg3iL1muk=",
        "owner": "hyprwm",
        "repo": "hyprcursor",
        "rev": "0264e698149fcb857a66a53018157b41f8d97bb0",
        "type": "github"
      },
      "original": {
        "owner": "hyprwm",
        "repo": "hyprcursor",
        "type": "github"
      }
    },
    "hyprland": {
      "inputs": {
        "aquamarine": "aquamarine",
        "hyprcursor": "hyprcursor",
        "hyprland-protocols": "hyprland-protocols",
        "hyprlang": "hyprlang",
        "hyprutils": "hyprutils",
        "hyprwayland-scanner": "hyprwayland-scanner",
        "nixpkgs": "nixpkgs",
        "pre-commit-hooks": "pre-commit-hooks",
        "systems": "systems",
        "xdph": "xdph"
      },
      "locked": {
        "lastModified": 1730466192,
        "narHash": "sha256-7O1TwW5neOpfeGRp4SSsbMJinupmBGFGo7yxQD9yk+A=",
        "owner": "hyprwm",
        "repo": "Hyprland",
        "rev": "3852418d2446555509738bf1486940042107afe7",
        "type": "github"
      },
      "original": {
        "owner": "hyprwm",
        "repo": "Hyprland",
        "rev": "3852418d2446555509738bf1486940042107afe7",
        "type": "github"
      }
    },
    "hyprland-protocols": {
      "inputs": {
        "nixpkgs": [
          "hyprland",
          "nixpkgs"
        ],
        "systems": [
          "hyprland",
          "systems"
        ]
      },
      "locked": {
        "lastModified": 1728345020,
        "narHash": "sha256-xGbkc7U/Roe0/Cv3iKlzijIaFBNguasI31ynL2IlEoM=",
        "owner": "hyprwm",
        "repo": "hyprland-protocols",
        "rev": "a7c183800e74f337753de186522b9017a07a8cee",
        "type": "github"
      },
      "original": {
        "owner": "hyprwm",
        "repo": "hyprland-protocols",
        "type": "github"
      }
    },
    "hyprlang": {
      "inputs": {
        "hyprutils": [
          "hyprland",
          "hyprutils"
        ],
        "nixpkgs": [
          "hyprland",
          "nixpkgs"
        ],
        "systems": [
          "hyprland",
          "systems"
        ]
      },
      "locked": {
        "lastModified": 1728168612,
        "narHash": "sha256-AnB1KfiXINmuiW7BALYrKqcjCnsLZPifhb/7BsfPbns=",
        "owner": "hyprwm",
        "repo": "hyprlang",
        "rev": "f054f2e44d6a0b74607a6bc0f52dba337a3db38e",
        "type": "github"
      },
      "original": {
        "owner": "hyprwm",
        "repo": "hyprlang",
        "type": "github"
      }
    },
    "hyprlang_2": {
      "inputs": {
        "hyprutils": [
          "mypkgs",
          "hyprlock",
          "hyprutils"
        ],
        "nixpkgs": [
          "mypkgs",
          "hyprlock",
          "nixpkgs"
        ],
        "systems": [
          "mypkgs",
          "hyprlock",
          "systems"
        ]
      },
      "locked": {
        "lastModified": 1728168612,
        "narHash": "sha256-AnB1KfiXINmuiW7BALYrKqcjCnsLZPifhb/7BsfPbns=",
        "owner": "hyprwm",
        "repo": "hyprlang",
        "rev": "f054f2e44d6a0b74607a6bc0f52dba337a3db38e",
        "type": "github"
      },
      "original": {
        "owner": "hyprwm",
        "repo": "hyprlang",
        "type": "github"
      }
    },
    "hyprlang_3": {
      "inputs": {
        "hyprutils": [
          "mypkgs",
          "pasteme",
          "mypkgs",
          "hyprlock",
          "hyprutils"
        ],
        "nixpkgs": [
          "mypkgs",
          "pasteme",
          "mypkgs",
          "hyprlock",
          "nixpkgs"
        ],
        "systems": [
          "mypkgs",
          "pasteme",
          "mypkgs",
          "hyprlock",
          "systems"
        ]
      },
      "locked": {
        "lastModified": 1721324361,
        "narHash": "sha256-BiJKO0IIdnSwHQBSrEJlKlFr753urkLE48wtt0UhNG4=",
        "owner": "hyprwm",
        "repo": "hyprlang",
        "rev": "adbefbf49664a6c2c8bf36b6487fd31e3eb68086",
        "type": "github"
      },
      "original": {
        "owner": "hyprwm",
        "repo": "hyprlang",
        "type": "github"
      }
    },
    "hyprlock": {
      "inputs": {
        "hyprlang": "hyprlang_2",
        "hyprutils": "hyprutils_2",
        "nixpkgs": [
          "mypkgs",
          "nixpkgs"
        ],
        "systems": "systems_3"
      },
      "locked": {
        "lastModified": 1730053985,
        "narHash": "sha256-jh7PhejwT+XqkkYnpZ6K/Gkqy4tvjN7g/ZBTvlS+Q9Y=",
        "owner": "hyprwm",
        "repo": "hyprlock",
        "rev": "edbecc87081756b45bdbea16b63e413473659dcd",
        "type": "github"
      },
      "original": {
        "owner": "hyprwm",
        "repo": "hyprlock",
        "type": "github"
      }
    },
    "hyprlock_2": {
      "inputs": {
        "hyprlang": "hyprlang_3",
        "hyprutils": "hyprutils_3",
        "nixpkgs": [
          "mypkgs",
          "pasteme",
          "mypkgs",
          "nixpkgs"
        ],
        "systems": "systems_4"
      },
      "locked": {
        "lastModified": 1728661487,
        "narHash": "sha256-4PiVL3GGz5kSWrt5QX+/7LTymyJ49VQ3JvSdKnZuZto=",
        "owner": "hyprwm",
        "repo": "hyprlock",
        "rev": "7362ce3435afd1fffd2c81d5d7f58996f496b533",
        "type": "github"
      },
      "original": {
        "owner": "hyprwm",
        "repo": "hyprlock",
        "type": "github"
      }
    },
    "hyprspace": {
      "inputs": {
        "hyprland": [
          "hyprland"
        ],
        "systems": "systems_2"
      },
      "locked": {
        "lastModified": 1730484016,
        "narHash": "sha256-qNxvhU6rTdzRYEuwuDSpflbJcJmTNW4Ldx6KIn54zYw=",
        "owner": "KZDKM",
        "repo": "Hyprspace",
        "rev": "bc892ffd1e58be8d329c20b9f4d5ebbab21cc757",
        "type": "github"
      },
      "original": {
        "owner": "KZDKM",
        "repo": "Hyprspace",
        "type": "github"
      }
    },
    "hyprutils": {
      "inputs": {
        "nixpkgs": [
          "hyprland",
          "nixpkgs"
        ],
        "systems": [
          "hyprland",
          "systems"
        ]
      },
      "locked": {
        "lastModified": 1728941256,
        "narHash": "sha256-WRypmcZ2Bw94lLmcmxYokVOHPJSZ7T06V49QZ4tkZeQ=",
        "owner": "hyprwm",
        "repo": "hyprutils",
        "rev": "fd4be8b9ca932f7384e454bcd923c5451ef2aa85",
        "type": "github"
      },
      "original": {
        "owner": "hyprwm",
        "repo": "hyprutils",
        "type": "github"
      }
    },
    "hyprutils_2": {
      "inputs": {
        "nixpkgs": [
          "mypkgs",
          "hyprlock",
          "nixpkgs"
        ],
        "systems": [
          "mypkgs",
          "hyprlock",
          "systems"
        ]
      },
      "locked": {
        "lastModified": 1727300645,
        "narHash": "sha256-OvAtVLaSRPnbXzOwlR1fVqCXR7i+ICRX3aPMCdIiv+c=",
        "owner": "hyprwm",
        "repo": "hyprutils",
        "rev": "3f5293432b6dc6a99f26aca2eba3876d2660665c",
        "type": "github"
      },
      "original": {
        "owner": "hyprwm",
        "repo": "hyprutils",
        "type": "github"
      }
    },
    "hyprutils_3": {
      "inputs": {
        "nixpkgs": [
          "mypkgs",
          "pasteme",
          "mypkgs",
          "hyprlock",
          "nixpkgs"
        ],
        "systems": [
          "mypkgs",
          "pasteme",
          "mypkgs",
          "hyprlock",
          "systems"
        ]
      },
      "locked": {
        "lastModified": 1721324102,
        "narHash": "sha256-WAZ0X6yJW1hFG6otkHBfyJDKRpNP5stsRqdEuHrFRpk=",
        "owner": "hyprwm",
        "repo": "hyprutils",
        "rev": "962582a090bc233c4de9d9897f46794280288989",
        "type": "github"
      },
      "original": {
        "owner": "hyprwm",
        "repo": "hyprutils",
        "type": "github"
      }
    },
    "hyprwayland-scanner": {
      "inputs": {
        "nixpkgs": [
          "hyprland",
          "nixpkgs"
        ],
        "systems": [
          "hyprland",
          "systems"
        ]
      },
      "locked": {
        "lastModified": 1726874836,
        "narHash": "sha256-VKR0sf0PSNCB0wPHVKSAn41mCNVCnegWmgkrneKDhHM=",
        "owner": "hyprwm",
        "repo": "hyprwayland-scanner",
        "rev": "500c81a9e1a76760371049a8d99e008ea77aa59e",
        "type": "github"
      },
      "original": {
        "owner": "hyprwm",
        "repo": "hyprwayland-scanner",
        "type": "github"
      }
    },
    "mypkgs": {
      "inputs": {
        "crt": "crt",
        "gripper": "gripper",
        "hyprlock": "hyprlock",
        "nixpkgs": "nixpkgs_2",
        "ols": "ols",
        "pasteme": "pasteme",
        "waybar": "waybar_2"
      },
      "locked": {
        "lastModified": 1730521751,
        "narHash": "sha256-jNUYJCE2DwOLSLf7Xzhy9tiuIkZwJsB925zQPkP6wII=",
        "owner": "spitulax",
        "repo": "mypkgs",
        "rev": "6eec06e71a622737f4dd61255c4a9754be3397f3",
        "type": "github"
      },
      "original": {
        "owner": "spitulax",
        "repo": "mypkgs",
        "type": "github"
      }
    },
    "mypkgs_2": {
      "inputs": {
        "crt": "crt_2",
        "gripper": "gripper_2",
        "hyprlock": "hyprlock_2",
        "nixpkgs": "nixpkgs_3",
        "ols": "ols_2",
        "waybar": "waybar"
      },
      "locked": {
        "lastModified": 1728734814,
        "narHash": "sha256-C8Eu7kBRg59hZFR0VpSBJ3u7hQ11yNFk6tNYYz64IDw=",
        "owner": "spitulax",
        "repo": "mypkgs",
        "rev": "d3567a57382b6e1d2c029c55981e0520b573a68e",
        "type": "github"
      },
      "original": {
        "owner": "spitulax",
        "repo": "mypkgs",
        "type": "github"
      }
    },
    "nix-formatter-pack": {
      "inputs": {
        "nixpkgs": [
          "nix-on-droid",
          "nixpkgs"
        ],
        "nmd": [
          "nix-on-droid",
          "nmd"
        ],
        "nmt": "nmt"
      },
      "locked": {
        "lastModified": 1705252799,
        "narHash": "sha256-HgSTREh7VoXjGgNDwKQUYcYo13rPkltW7IitHrTPA5c=",
        "owner": "Gerschtli",
        "repo": "nix-formatter-pack",
        "rev": "2de39dedd79aab14c01b9e2934842051a160ffa5",
        "type": "github"
      },
      "original": {
        "owner": "Gerschtli",
        "repo": "nix-formatter-pack",
        "type": "github"
      }
    },
    "nix-gaming": {
      "inputs": {
        "flake-parts": "flake-parts",
        "nixpkgs": "nixpkgs_4",
        "umu": "umu"
      },
      "locked": {
        "lastModified": 1730425644,
        "narHash": "sha256-dfxO6mkn1KkotGQXV93m/2MoS9ayLUwaIIbR3mReLd0=",
        "owner": "fufexan",
        "repo": "nix-gaming",
        "rev": "bcc7c896b56ccd644ca2daea74dac05c1731f59d",
        "type": "github"
      },
      "original": {
        "owner": "fufexan",
        "repo": "nix-gaming",
        "type": "github"
      }
    },
    "nix-on-droid": {
      "inputs": {
        "home-manager": "home-manager_2",
        "nix-formatter-pack": "nix-formatter-pack",
        "nixpkgs": "nixpkgs_5",
        "nixpkgs-docs": "nixpkgs-docs",
        "nixpkgs-for-bootstrap": "nixpkgs-for-bootstrap",
        "nmd": "nmd"
      },
      "locked": {
        "lastModified": 1725658585,
        "narHash": "sha256-P29z4Gt89n5ps1U7+qmIrj0BuRXGZQSIaOe2+tsPgfw=",
        "owner": "nix-community",
        "repo": "nix-on-droid",
        "rev": "5d88ff2519e4952f8d22472b52c531bb5f1635fc",
        "type": "github"
      },
      "original": {
        "owner": "nix-community",
        "repo": "nix-on-droid",
        "type": "github"
      }
    },
    "nixos-hardware": {
      "locked": {
        "lastModified": 1730520317,
        "narHash": "sha256-IH+vuP/F4zdOwmbCNXtszaCbzAiqx5O72NwtlTv+Nco=",
        "owner": "NixOS",
        "repo": "nixos-hardware",
        "rev": "d3986e78856a70d0b38d9e88dc39390556c2e962",
        "type": "github"
      },
      "original": {
        "owner": "NixOS",
        "repo": "nixos-hardware",
        "type": "github"
      }
    },
    "nixpkgs": {
      "locked": {
        "lastModified": 1729413321,
        "narHash": "sha256-I4tuhRpZFa6Fu6dcH9Dlo5LlH17peT79vx1y1SpeKt0=",
        "owner": "NixOS",
        "repo": "nixpkgs",
        "rev": "1997e4aa514312c1af7e2bda7fad1644e778ff26",
        "type": "github"
      },
      "original": {
        "owner": "NixOS",
        "ref": "nixos-unstable",
        "repo": "nixpkgs",
        "type": "github"
      }
    },
    "nixpkgs-docs": {
      "locked": {
        "lastModified": 1705957679,
        "narHash": "sha256-Q8LJaVZGJ9wo33wBafvZSzapYsjOaNjP/pOnSiKVGHY=",
        "owner": "NixOS",
        "repo": "nixpkgs",
        "rev": "9a333eaa80901efe01df07eade2c16d183761fa3",
        "type": "github"
      },
      "original": {
        "owner": "NixOS",
        "ref": "release-23.05",
        "repo": "nixpkgs",
        "type": "github"
      }
    },
    "nixpkgs-for-bootstrap": {
      "locked": {
        "lastModified": 1720244366,
        "narHash": "sha256-WrDV0FPMVd2Sq9hkR5LNHudS3OSMmUrs90JUTN+MXpA=",
        "owner": "NixOS",
        "repo": "nixpkgs",
        "rev": "49ee0e94463abada1de470c9c07bfc12b36dcf40",
        "type": "github"
      },
      "original": {
        "owner": "NixOS",
        "repo": "nixpkgs",
        "rev": "49ee0e94463abada1de470c9c07bfc12b36dcf40",
        "type": "github"
      }
    },
    "nixpkgs-lib": {
      "locked": {
        "lastModified": 1727825735,
        "narHash": "sha256-0xHYkMkeLVQAMa7gvkddbPqpxph+hDzdu1XdGPJR+Os=",
        "type": "tarball",
        "url": "https://github.com/NixOS/nixpkgs/archive/fb192fec7cc7a4c26d51779e9bab07ce6fa5597a.tar.gz"
      },
      "original": {
        "type": "tarball",
        "url": "https://github.com/NixOS/nixpkgs/archive/fb192fec7cc7a4c26d51779e9bab07ce6fa5597a.tar.gz"
      }
    },
    "nixpkgs-stable": {
      "locked": {
        "lastModified": 1720386169,
        "narHash": "sha256-NGKVY4PjzwAa4upkGtAMz1npHGoRzWotlSnVlqI40mo=",
        "owner": "NixOS",
        "repo": "nixpkgs",
        "rev": "194846768975b7ad2c4988bdb82572c00222c0d7",
        "type": "github"
      },
      "original": {
        "owner": "NixOS",
        "ref": "nixos-24.05",
        "repo": "nixpkgs",
        "type": "github"
      }
    },
    "nixpkgs-stable_2": {
      "locked": {
        "lastModified": 1729973466,
        "narHash": "sha256-knnVBGfTCZlQgxY1SgH0vn2OyehH9ykfF8geZgS95bk=",
        "owner": "NixOS",
        "repo": "nixpkgs",
        "rev": "cd3e8833d70618c4eea8df06f95b364b016d4950",
        "type": "github"
      },
      "original": {
        "owner": "NixOS",
        "ref": "release-24.05",
        "repo": "nixpkgs",
        "type": "github"
      }
    },
    "nixpkgs-unstable": {
      "locked": {
        "lastModified": 1730200266,
        "narHash": "sha256-l253w0XMT8nWHGXuXqyiIC/bMvh1VRszGXgdpQlfhvU=",
        "owner": "nixos",
        "repo": "nixpkgs",
        "rev": "807e9154dcb16384b1b765ebe9cd2bba2ac287fd",
        "type": "github"
      },
      "original": {
        "owner": "nixos",
        "ref": "nixos-unstable",
        "repo": "nixpkgs",
        "type": "github"
      }
    },
    "nixpkgs_2": {
      "locked": {
        "lastModified": 1730200266,
        "narHash": "sha256-l253w0XMT8nWHGXuXqyiIC/bMvh1VRszGXgdpQlfhvU=",
        "owner": "nixos",
        "repo": "nixpkgs",
        "rev": "807e9154dcb16384b1b765ebe9cd2bba2ac287fd",
        "type": "github"
      },
      "original": {
        "owner": "nixos",
        "ref": "nixos-unstable",
        "repo": "nixpkgs",
        "type": "github"
      }
    },
    "nixpkgs_3": {
      "locked": {
        "lastModified": 1728492678,
        "narHash": "sha256-9UTxR8eukdg+XZeHgxW5hQA9fIKHsKCdOIUycTryeVw=",
        "owner": "nixos",
        "repo": "nixpkgs",
        "rev": "5633bcff0c6162b9e4b5f1264264611e950c8ec7",
        "type": "github"
      },
      "original": {
        "owner": "nixos",
        "ref": "nixos-unstable",
        "repo": "nixpkgs",
        "type": "github"
      }
    },
    "nixpkgs_4": {
      "locked": {
        "lastModified": 1728538411,
        "narHash": "sha256-f0SBJz1eZ2yOuKUr5CA9BHULGXVSn6miBuUWdTyhUhU=",
        "owner": "NixOS",
        "repo": "nixpkgs",
        "rev": "b69de56fac8c2b6f8fd27f2eca01dcda8e0a4221",
        "type": "github"
      },
      "original": {
        "owner": "NixOS",
        "ref": "nixpkgs-unstable",
        "repo": "nixpkgs",
        "type": "github"
      }
    },
    "nixpkgs_5": {
      "locked": {
        "lastModified": 1708172716,
        "narHash": "sha256-3M94oln0b61m3dUmLyECCA9hYAHXZEszM4saE3CmQO4=",
        "owner": "NixOS",
        "repo": "nixpkgs",
        "rev": "5d874ac46894c896119bce68e758e9e80bdb28f1",
        "type": "github"
      },
      "original": {
        "owner": "NixOS",
        "repo": "nixpkgs",
        "type": "github"
      }
    },
    "nixpkgs_6": {
      "locked": {
        "lastModified": 1729265718,
        "narHash": "sha256-4HQI+6LsO3kpWTYuVGIzhJs1cetFcwT7quWCk/6rqeo=",
        "owner": "NixOS",
        "repo": "nixpkgs",
        "rev": "ccc0c2126893dd20963580b6478d1a10a4512185",
        "type": "github"
      },
      "original": {
        "owner": "NixOS",
        "ref": "nixpkgs-unstable",
        "repo": "nixpkgs",
        "type": "github"
      }
    },
    "nmd": {
      "inputs": {
        "nixpkgs": [
          "nix-on-droid",
          "nixpkgs-docs"
        ],
        "scss-reset": "scss-reset"
      },
      "locked": {
        "lastModified": 1705050560,
        "narHash": "sha256-x3zzcdvhJpodsmdjqB4t5mkVW22V3wqHLOun0KRBzUI=",
        "owner": "~rycee",
        "repo": "nmd",
        "rev": "66d9334933119c36f91a78d565c152a4fdc8d3d3",
        "type": "sourcehut"
      },
      "original": {
        "owner": "~rycee",
        "repo": "nmd",
        "type": "sourcehut"
      }
    },
    "nmt": {
      "flake": false,
      "locked": {
        "lastModified": 1648075362,
        "narHash": "sha256-u36WgzoA84dMVsGXzml4wZ5ckGgfnvS0ryzo/3zn/Pc=",
        "owner": "rycee",
        "repo": "nmt",
        "rev": "d83601002c99b78c89ea80e5e6ba21addcfe12ae",
        "type": "gitlab"
      },
      "original": {
        "owner": "rycee",
        "repo": "nmt",
        "type": "gitlab"
      }
    },
    "ols": {
      "flake": false,
      "locked": {
        "lastModified": 1730048458,
        "narHash": "sha256-pmxdfS8GyJneuf+ADkGyj7DZVqiyQgyNILjztxMFC0c=",
        "owner": "DanielGavin",
        "repo": "ols",
        "rev": "a3b090c7ef9604b0d6630caedb9c204a708828ac",
        "type": "github"
      },
      "original": {
        "owner": "DanielGavin",
        "repo": "ols",
        "type": "github"
      }
    },
    "ols_2": {
      "flake": false,
      "locked": {
        "lastModified": 1728400625,
        "narHash": "sha256-TK/vx7YM5iNq/Xq0vKA/HaekXu7yO5+Ys9zVW86X0kU=",
        "owner": "DanielGavin",
        "repo": "ols",
        "rev": "77dfb5b356eee7dce0a31e53b4254208d3ca3da5",
        "type": "github"
      },
      "original": {
        "owner": "DanielGavin",
        "repo": "ols",
        "type": "github"
      }
    },
    "pasteme": {
      "inputs": {
        "mypkgs": "mypkgs_2",
        "nixpkgs": [
          "mypkgs",
          "nixpkgs"
        ]
      },
      "locked": {
        "lastModified": 1729254659,
        "narHash": "sha256-psT4xLXaIFrKyIH2liB99ODDFnLj6iuW5kEZUWTSFyY=",
        "owner": "spitulax",
        "repo": "pasteme",
        "rev": "0655ae19a3ea43782ead9681f0d4095a57be9056",
        "type": "github"
      },
      "original": {
        "owner": "spitulax",
        "repo": "pasteme",
        "type": "github"
      }
    },
    "pre-commit-hooks": {
      "inputs": {
        "flake-compat": "flake-compat",
        "gitignore": "gitignore",
        "nixpkgs": [
          "hyprland",
          "nixpkgs"
        ],
        "nixpkgs-stable": "nixpkgs-stable"
      },
      "locked": {
        "lastModified": 1729104314,
        "narHash": "sha256-pZRZsq5oCdJt3upZIU4aslS9XwFJ+/nVtALHIciX/BI=",
        "owner": "cachix",
        "repo": "git-hooks.nix",
        "rev": "3c3e88f0f544d6bb54329832616af7eb971b6be6",
        "type": "github"
      },
      "original": {
        "owner": "cachix",
        "repo": "git-hooks.nix",
        "type": "github"
      }
    },
    "root": {
      "inputs": {
        "auto-cpufreq": "auto-cpufreq",
        "catppuccin-bat": "catppuccin-bat",
        "catppuccin-yazi": "catppuccin-yazi",
        "catppuccin-zathura": "catppuccin-zathura",
        "home-manager": "home-manager",
        "hyprland": "hyprland",
        "hyprspace": "hyprspace",
        "mypkgs": "mypkgs",
        "nix-gaming": "nix-gaming",
        "nix-on-droid": "nix-on-droid",
        "nixos-hardware": "nixos-hardware",
        "nixpkgs": [
          "nixpkgs-unstable"
        ],
        "nixpkgs-unstable": "nixpkgs-unstable",
        "rust-overlay": "rust-overlay",
        "sops-nix": "sops-nix",
        "yazi": "yazi"
      }
    },
    "rust-overlay": {
      "inputs": {
        "nixpkgs": [
          "nixpkgs"
        ]
      },
      "locked": {
        "lastModified": 1730514457,
        "narHash": "sha256-cjFX208s9pyaOfMvF9xI6WyafyXINqdhMF7b1bMQpLI=",
        "owner": "oxalica",
        "repo": "rust-overlay",
        "rev": "1ff38ca26eb31858e4dfe7fe738b6b3ce5d74922",
        "type": "github"
      },
      "original": {
        "owner": "oxalica",
        "repo": "rust-overlay",
        "type": "github"
      }
    },
    "rust-overlay_2": {
      "inputs": {
        "nixpkgs": [
          "yazi",
          "nixpkgs"
        ]
      },
      "locked": {
        "lastModified": 1729391507,
        "narHash": "sha256-as0I9xieJUHf7kiK2a9znDsVZQTFWhM1pLivII43Gi0=",
        "owner": "oxalica",
        "repo": "rust-overlay",
        "rev": "784981a9feeba406de38c1c9a3decf966d853cca",
        "type": "github"
      },
      "original": {
        "owner": "oxalica",
        "repo": "rust-overlay",
        "type": "github"
      }
    },
    "scss-reset": {
      "flake": false,
      "locked": {
        "lastModified": 1631450058,
        "narHash": "sha256-muDlZJPtXDIGevSEWkicPP0HQ6VtucbkMNygpGlBEUM=",
        "owner": "andreymatin",
        "repo": "scss-reset",
        "rev": "0cf50e27a4e95e9bb5b1715eedf9c54dee1a5a91",
        "type": "github"
      },
      "original": {
        "owner": "andreymatin",
        "repo": "scss-reset",
        "type": "github"
      }
    },
    "sops-nix": {
      "inputs": {
        "nixpkgs": [
          "nixpkgs"
        ],
        "nixpkgs-stable": "nixpkgs-stable_2"
      },
      "locked": {
        "lastModified": 1729999681,
        "narHash": "sha256-qm0uCtM9bg97LeJTKQ8dqV/FvqRN+ompyW4GIJruLuw=",
        "owner": "Mic92",
        "repo": "sops-nix",
        "rev": "1666d16426abe79af5c47b7c0efa82fd31bf4c56",
        "type": "github"
      },
      "original": {
        "owner": "Mic92",
        "repo": "sops-nix",
        "type": "github"
      }
    },
    "systems": {
      "locked": {
        "lastModified": 1689347949,
        "narHash": "sha256-12tWmuL2zgBgZkdoB6qXZsgJEH9LR3oUgpaQq2RbI80=",
        "owner": "nix-systems",
        "repo": "default-linux",
        "rev": "31732fcf5e8fea42e59c2488ad31a0e651500f68",
        "type": "github"
      },
      "original": {
        "owner": "nix-systems",
        "repo": "default-linux",
        "type": "github"
      }
    },
    "systems_2": {
      "locked": {
        "lastModified": 1689347949,
        "narHash": "sha256-12tWmuL2zgBgZkdoB6qXZsgJEH9LR3oUgpaQq2RbI80=",
        "owner": "nix-systems",
        "repo": "default-linux",
        "rev": "31732fcf5e8fea42e59c2488ad31a0e651500f68",
        "type": "github"
      },
      "original": {
        "owner": "nix-systems",
        "repo": "default-linux",
        "type": "github"
      }
    },
    "systems_3": {
      "locked": {
        "lastModified": 1689347949,
        "narHash": "sha256-12tWmuL2zgBgZkdoB6qXZsgJEH9LR3oUgpaQq2RbI80=",
        "owner": "nix-systems",
        "repo": "default-linux",
        "rev": "31732fcf5e8fea42e59c2488ad31a0e651500f68",
        "type": "github"
      },
      "original": {
        "owner": "nix-systems",
        "repo": "default-linux",
        "type": "github"
      }
    },
    "systems_4": {
      "locked": {
        "lastModified": 1689347949,
        "narHash": "sha256-12tWmuL2zgBgZkdoB6qXZsgJEH9LR3oUgpaQq2RbI80=",
        "owner": "nix-systems",
        "repo": "default-linux",
        "rev": "31732fcf5e8fea42e59c2488ad31a0e651500f68",
        "type": "github"
      },
      "original": {
        "owner": "nix-systems",
        "repo": "default-linux",
        "type": "github"
      }
    },
    "systems_5": {
      "locked": {
        "lastModified": 1681028828,
        "narHash": "sha256-Vy1rq5AaRuLzOxct8nz4T6wlgyUR7zLU309k9mBC768=",
        "owner": "nix-systems",
        "repo": "default",
        "rev": "da67096a3b9bf56a91d16901293e51ba5b49a27e",
        "type": "github"
      },
      "original": {
        "owner": "nix-systems",
        "repo": "default",
        "type": "github"
      }
    },
    "umu": {
      "inputs": {
        "nixpkgs": [
          "nix-gaming",
          "nixpkgs"
        ]
      },
      "locked": {
        "dir": "packaging/nix",
        "lastModified": 1728772489,
        "narHash": "sha256-6sHjXNhPrRXIV1au5jlSXHeqn/QHb9wyRt7V0F5p4PA=",
        "ref": "refs/heads/main",
        "rev": "475e2b37e34a663b11f8c92b79dd45637a3e848c",
        "revCount": 770,
        "submodules": true,
        "type": "git",
        "url": "https://github.com/Open-Wine-Components/umu-launcher/?dir=packaging/nix"
      },
      "original": {
        "dir": "packaging/nix",
        "submodules": true,
        "type": "git",
        "url": "https://github.com/Open-Wine-Components/umu-launcher/?dir=packaging/nix"
      }
    },
    "waybar": {
      "inputs": {
        "flake-compat": "flake-compat_2",
        "nixpkgs": [
          "mypkgs",
          "pasteme",
          "mypkgs",
          "nixpkgs"
        ]
      },
      "locked": {
        "lastModified": 1726213871,
        "narHash": "sha256-3lc0voMU5RS+mEtxKuRayq/uJO09X7byq6Rm5NZohq8=",
        "owner": "Alexays",
        "repo": "Waybar",
        "rev": "d56dd6ee7fdf8c5ba4e90790af62b7f7829d3a47",
        "type": "github"
      },
      "original": {
        "owner": "Alexays",
        "ref": "0.11.0",
        "repo": "Waybar",
        "type": "github"
      }
    },
    "waybar_2": {
      "inputs": {
        "flake-compat": "flake-compat_3",
        "nixpkgs": [
          "mypkgs",
          "nixpkgs"
        ]
      },
      "locked": {
        "lastModified": 1726213871,
        "narHash": "sha256-3lc0voMU5RS+mEtxKuRayq/uJO09X7byq6Rm5NZohq8=",
        "owner": "Alexays",
        "repo": "Waybar",
        "rev": "d56dd6ee7fdf8c5ba4e90790af62b7f7829d3a47",
        "type": "github"
      },
      "original": {
        "owner": "Alexays",
        "ref": "0.11.0",
        "repo": "Waybar",
        "type": "github"
      }
    },
    "xdph": {
      "inputs": {
        "hyprland-protocols": [
          "hyprland",
          "hyprland-protocols"
        ],
        "hyprlang": [
          "hyprland",
          "hyprlang"
        ],
        "hyprutils": [
          "hyprland",
          "hyprutils"
        ],
        "hyprwayland-scanner": [
          "hyprland",
          "hyprwayland-scanner"
        ],
        "nixpkgs": [
          "hyprland",
          "nixpkgs"
        ],
        "systems": [
          "hyprland",
          "systems"
        ]
      },
      "locked": {
        "lastModified": 1728166987,
        "narHash": "sha256-w6dVTguAn9zJ+7aPOhBQgDz8bn6YZ7b56cY8Kg5HJRI=",
        "owner": "hyprwm",
        "repo": "xdg-desktop-portal-hyprland",
        "rev": "fb9c8d665af0588bb087f97d0f673ddf0d501787",
        "type": "github"
      },
      "original": {
        "owner": "hyprwm",
        "repo": "xdg-desktop-portal-hyprland",
        "type": "github"
      }
    },
    "yazi": {
      "inputs": {
        "flake-utils": "flake-utils",
        "nixpkgs": "nixpkgs_6",
        "rust-overlay": "rust-overlay_2"
      },
      "locked": {
        "lastModified": 1730461939,
        "narHash": "sha256-flbkUMfCcjyDb/rZF/7laTTOx6UuWwTBzyh4/L1E834=",
        "owner": "sxyazi",
        "repo": "yazi",
        "rev": "0baccdc9aaa26bbea458f0b7fcbe7916c8b2c1df",
        "type": "github"
      },
      "original": {
        "owner": "sxyazi",
        "repo": "yazi",
        "type": "github"
      }
    }
  },
  "root": "root",
  "version": 7
}
