{
  "nodes": {
    "crt": {
      "inputs": {
        "nixpkgs": [
          "mypkgs",
          "nixpkgs"
        ]
      },
      "locked": {
        "lastModified": 1735638264,
        "narHash": "sha256-v61wyEYFYScolEjeaUfC0ys8YZe9x89KmnC/gDIAEpQ=",
        "owner": "spitulax",
        "repo": "crt",
        "rev": "3d4837a7f8d51f6972cdf3626867544e774f1965",
        "type": "github"
      },
      "original": {
        "owner": "spitulax",
        "repo": "crt",
        "type": "github"
      }
    },
    "flake-parts": {
      "inputs": {
        "nixpkgs-lib": "nixpkgs-lib"
      },
      "locked": {
        "lastModified": 1765835352,
        "narHash": "sha256-XswHlK/Qtjasvhd1nOa1e8MgZ8GS//jBoTqWtrS1Giw=",
        "owner": "hercules-ci",
        "repo": "flake-parts",
        "rev": "a34fae9c08a15ad73f295041fec82323541400a9",
        "type": "github"
      },
      "original": {
        "owner": "hercules-ci",
        "repo": "flake-parts",
        "type": "github"
      }
    },
    "gripper": {
      "inputs": {
        "nixpkgs": [
          "mypkgs",
          "nixpkgs"
        ]
      },
      "locked": {
        "lastModified": 1737137756,
        "narHash": "sha256-KhL7bHCQgJWNaNQwVInhJt3UtiVaZzte/NSG7ICINV0=",
        "owner": "spitulax",
        "repo": "gripper",
        "rev": "6c4628cdbc0bcceb2b7d38110202c2a0be3813d8",
        "type": "github"
      },
      "original": {
        "owner": "spitulax",
        "repo": "gripper",
        "type": "github"
      }
    },
    "home-manager": {
      "inputs": {
        "nixpkgs": [
          "nixpkgs"
        ]
      },
      "locked": {
        "lastModified": 1766387499,
        "narHash": "sha256-AjK3/UKDzeXFeYNLVBaJ3+HLE9he1g5UrlNd4/BM3eA=",
        "owner": "nix-community",
        "repo": "home-manager",
        "rev": "527ad07e6625302b648ed3b28c34b62a79bd103e",
        "type": "github"
      },
      "original": {
        "owner": "nix-community",
        "repo": "home-manager",
        "type": "github"
      }
    },
    "mypkgs": {
      "inputs": {
        "crt": "crt",
        "gripper": "gripper",
        "nixpkgs": [
          "nixpkgs"
        ],
        "pasteme": "pasteme"
      },
      "locked": {
        "path": "./mypkgs",
        "type": "path"
      },
      "original": {
        "path": "./mypkgs",
        "type": "path"
      },
      "parent": []
    },
    "mypkgs_2": {
      "inputs": {
        "nixpkgs": "nixpkgs"
      },
      "locked": {
        "lastModified": 1737120540,
        "narHash": "sha256-6Iss+F4+kuCMhna8rXU69Lk9IEUxH6zf5SRiDYwnTjI=",
        "owner": "spitulax",
        "repo": "mypkgs",
        "rev": "6215c62ec846c69ae944f33dc3b374726c4a2266",
        "type": "github"
      },
      "original": {
        "owner": "spitulax",
        "repo": "mypkgs",
        "type": "github"
      }
    },
    "nix-gaming": {
      "inputs": {
        "flake-parts": "flake-parts",
        "nixpkgs": "nixpkgs_2"
      },
      "locked": {
        "lastModified": 1766455463,
        "narHash": "sha256-VEyrofUKseSH18CHlC3J8RiS48YgHwmYyJ9F6Ja1mUA=",
        "owner": "fufexan",
        "repo": "nix-gaming",
        "rev": "9271d3b26d6e3d57a101bf3da4ce0496dc515018",
        "type": "github"
      },
      "original": {
        "owner": "fufexan",
        "repo": "nix-gaming",
        "type": "github"
      }
    },
    "nixos-hardware": {
      "locked": {
        "lastModified": 1764440730,
        "narHash": "sha256-ZlJTNLUKQRANlLDomuRWLBCH5792x+6XUJ4YdFRjtO4=",
        "owner": "NixOS",
        "repo": "nixos-hardware",
        "rev": "9154f4569b6cdfd3c595851a6ba51bfaa472d9f3",
        "type": "github"
      },
      "original": {
        "owner": "NixOS",
        "repo": "nixos-hardware",
        "type": "github"
      }
    },
    "nixpkgs": {
      "locked": {
        "lastModified": 1736883708,
        "narHash": "sha256-uQ+NQ0/xYU0N1CnXsa2zghgNaOPxWpMJXSUJJ9W7140=",
        "owner": "nixos",
        "repo": "nixpkgs",
        "rev": "eb62e6aa39ea67e0b8018ba8ea077efe65807dc8",
        "type": "github"
      },
      "original": {
        "owner": "nixos",
        "ref": "nixos-unstable",
        "repo": "nixpkgs",
        "type": "github"
      }
    },
    "nixpkgs-lib": {
      "locked": {
        "lastModified": 1765674936,
        "narHash": "sha256-k00uTP4JNfmejrCLJOwdObYC9jHRrr/5M/a/8L2EIdo=",
        "owner": "nix-community",
        "repo": "nixpkgs.lib",
        "rev": "2075416fcb47225d9b68ac469a5c4801a9c4dd85",
        "type": "github"
      },
      "original": {
        "owner": "nix-community",
        "repo": "nixpkgs.lib",
        "type": "github"
      }
    },
    "nixpkgs-unstable": {
      "locked": {
        "lastModified": 1766309749,
        "narHash": "sha256-3xY8CZ4rSnQ0NqGhMKAy5vgC+2IVK0NoVEzDoOh4DA4=",
        "owner": "nixos",
        "repo": "nixpkgs",
        "rev": "a6531044f6d0bef691ea18d4d4ce44d0daa6e816",
        "type": "github"
      },
      "original": {
        "owner": "nixos",
        "ref": "nixos-unstable",
        "repo": "nixpkgs",
        "type": "github"
      }
    },
    "nixpkgs_2": {
      "locked": {
        "lastModified": 1766125104,
        "narHash": "sha256-l/YGrEpLromL4viUo5GmFH3K5M1j0Mb9O+LiaeCPWEM=",
        "owner": "NixOS",
        "repo": "nixpkgs",
        "rev": "7d853e518814cca2a657b72eeba67ae20ebf7059",
        "type": "github"
      },
      "original": {
        "owner": "NixOS",
        "ref": "nixpkgs-unstable",
        "repo": "nixpkgs",
        "type": "github"
      }
    },
    "pasteme": {
      "inputs": {
        "mypkgs": "mypkgs_2",
        "nixpkgs": [
          "mypkgs",
          "nixpkgs"
        ]
      },
      "locked": {
        "lastModified": 1737135098,
        "narHash": "sha256-AMmXrwO+wHJ/3gZ9K6F25VxM+DKCtYYN2v1sB3ndvs0=",
        "owner": "spitulax",
        "repo": "pasteme",
        "rev": "de3276e9c5b2b6aae8173470ea5ff0f736b28c5c",
        "type": "github"
      },
      "original": {
        "owner": "spitulax",
        "repo": "pasteme",
        "type": "github"
      }
    },
    "root": {
      "inputs": {
        "home-manager": "home-manager",
        "mypkgs": "mypkgs",
        "nix-gaming": "nix-gaming",
        "nixos-hardware": "nixos-hardware",
        "nixpkgs": [
          "nixpkgs-unstable"
        ],
        "nixpkgs-unstable": "nixpkgs-unstable",
        "sops-nix": "sops-nix"
      }
    },
    "sops-nix": {
      "inputs": {
        "nixpkgs": [
          "nixpkgs"
        ]
      },
      "locked": {
        "lastModified": 1766289575,
        "narHash": "sha256-BOKCwOQQIP4p9z8DasT5r+qjri3x7sPCOq+FTjY8Z+o=",
        "owner": "Mic92",
        "repo": "sops-nix",
        "rev": "9836912e37aef546029e48c8749834735a6b9dad",
        "type": "github"
      },
      "original": {
        "owner": "Mic92",
        "repo": "sops-nix",
        "type": "github"
      }
    }
  },
  "root": "root",
  "version": 7
}
